// !$*UTF8*$!
{
	archiveVersion = 1;
	classes = {
	};
	objectVersion = 46;
	objects = {

/* Begin PBXFileReference section */
		181B16961F62587E000A27E7 /* db.sqlite3 */ = {isa = PBXFileReference; lastKnownFileType = file; path = db.sqlite3; sourceTree = "<group>"; };
		181B16971F62587E000A27E7 /* manage.py */ = {isa = PBXFileReference; lastKnownFileType = text.script.python; path = manage.py; sourceTree = "<group>"; };
		181B16991F62587E000A27E7 /* __init__.py */ = {isa = PBXFileReference; lastKnownFileType = text.script.python; path = __init__.py; sourceTree = "<group>"; };
		181B169B1F62587E000A27E7 /* settings.py */ = {isa = PBXFileReference; lastKnownFileType = text.script.python; path = settings.py; sourceTree = "<group>"; };
		181B169D1F62587E000A27E7 /* urls.py */ = {isa = PBXFileReference; lastKnownFileType = text.script.python; path = urls.py; sourceTree = "<group>"; };
		181B169F1F62587E000A27E7 /* view.py */ = {isa = PBXFileReference; lastKnownFileType = text.script.python; path = view.py; sourceTree = "<group>"; };
		181B16A01F62587E000A27E7 /* wsgi.py */ = {isa = PBXFileReference; lastKnownFileType = text.script.python; path = wsgi.py; sourceTree = "<group>"; };
		181B16A31F62587E000A27E7 /* main.html */ = {isa = PBXFileReference; lastKnownFileType = text.html; path = main.html; sourceTree = "<group>"; };
/* End PBXFileReference section */

/* Begin PBXGroup section */
		181B168F1F62585C000A27E7 = {
			isa = PBXGroup;
			children = (
				181B16961F62587E000A27E7 /* db.sqlite3 */,
				181B16971F62587E000A27E7 /* manage.py */,
				181B16981F62587E000A27E7 /* Minisite */,
				181B16A21F62587E000A27E7 /* templates */,
			);
			sourceTree = "<group>";
		};
		181B16981F62587E000A27E7 /* Minisite */ = {
			isa = PBXGroup;
			children = (
				181B16991F62587E000A27E7 /* __init__.py */,
				181B169B1F62587E000A27E7 /* settings.py */,
				181B169D1F62587E000A27E7 /* urls.py */,
				181B169F1F62587E000A27E7 /* view.py */,
				181B16A01F62587E000A27E7 /* wsgi.py */,
			);
			path = Minisite;
			sourceTree = "<group>";
		};
		181B16A21F62587E000A27E7 /* templates */ = {
			isa = PBXGroup;
			children = (
				181B16A31F62587E000A27E7 /* main.html */,
			);
			path = templates;
			sourceTree = "<group>";
		};
/* End PBXGroup section */

/* Begin PBXProject section */
		181B16901F62585C000A27E7 /* Project object */ = {
			isa = PBXProject;
			attributes = {
				LastUpgradeCheck = 0830;
			};
			buildConfigurationList = 181B16931F62585C000A27E7 /* Build configuration list for PBXProject "Minisite" */;
			compatibilityVersion = "Xcode 3.2";
			developmentRegion = English;
			hasScannedForEncodings = 0;
			knownRegions = (
				en,
			);
			mainGroup = 181B168F1F62585C000A27E7;
			projectDirPath = "";
			projectRoot = "";
			targets = (
			);
		};
/* End PBXProject section */

/* Begin XCBuildConfiguration section */
		181B16941F62585C000A27E7 /* Debug */ = {
			isa = XCBuildConfiguration;
			buildSettings = {
			};
			name = Debug;
		};
		181B16951F62585C000A27E7 /* Release */ = {
			isa = XCBuildConfiguration;
			buildSettings = {
			};
			name = Release;
		};
/* End XCBuildConfiguration section */

/* Begin XCConfigurationList section */
		181B16931F62585C000A27E7 /* Build configuration list for PBXProject "Minisite" */ = {
			isa = XCConfigurationList;
			buildConfigurations = (
				181B16941F62585C000A27E7 /* Debug */,
				181B16951F62585C000A27E7 /* Release */,
			);
			defaultConfigurationIsVisible = 0;
			defaultConfigurationName = Release;
		};
/* End XCConfigurationList section */
	};
	rootObject = 181B16901F62585C000A27E7 /* Project object */;
}
